
Microsoft Visual Studio Solution File, Format Version 12.00
# Visual Studio Version 17
VisualStudioVersion = 17.0.31903.59
MinimumVisualStudioVersion = 10.0.40219.1
Project("{9A19103F-16F7-4668-BE54-9A1E7A4F7556}") = "DesignPatternDemo.API", "DesignPatternDemo.API\DesignPatternDemo.API.csproj", "{DFC886C2-BBA1-4B1F-9FD2-D9A2FA92C75D}"
EndProject
Project("{FAE04EC0-301F-11D3-BF4B-00C04F79EFBC}") = "DependceInver", "DependceInver\DependceInver.csproj", "{0EB0AD33-14A6-4174-B1EC-9DB41271EFE6}"
EndProject
Project("{FAE04EC0-301F-11D3-BF4B-00C04F79EFBC}") = "OpenClosePrinciple", "OpenClosePrinciple\OpenClosePrinciple.csproj", "{5F0A4A5E-CB8F-45D0-968F-3867A3794735}"
EndProject
Project("{FAE04EC0-301F-11D3-BF4B-00C04F79EFBC}") = "OpenClosePrincipleTest", "OpenClosePrincipleTest\OpenClosePrincipleTest.csproj", "{DB6E6FD2-1E58-4DB7-8864-92F5383CC5A9}"
EndProject
Project("{FAE04EC0-301F-11D3-BF4B-00C04F79EFBC}") = "SingleForm", "SingleForm\SingleForm.csproj", "{BCBB954F-2A7D-4ABA-BA78-7D81198F1743}"
EndProject
Project("{FAE04EC0-301F-11D3-BF4B-00C04F79EFBC}") = "Factory", "Factory\Factory.csproj", "{1DA845E3-D6E6-4CAF-ABEA-D62C3501ADB0}"
EndProject
Project("{FAE04EC0-301F-11D3-BF4B-00C04F79EFBC}") = "FactoryForm", "FactoryForm\FactoryForm.csproj", "{C2015C76-40C8-438E-8543-4DE4109AE93F}"
EndProject
Global
	GlobalSection(SolutionConfigurationPlatforms) = preSolution
		Debug|Any CPU = Debug|Any CPU
		Release|Any CPU = Release|Any CPU
	EndGlobalSection
	GlobalSection(ProjectConfigurationPlatforms) = postSolution
		{DFC886C2-BBA1-4B1F-9FD2-D9A2FA92C75D}.Debug|Any CPU.ActiveCfg = Debug|Any CPU
		{DFC886C2-BBA1-4B1F-9FD2-D9A2FA92C75D}.Debug|Any CPU.Build.0 = Debug|Any CPU
		{DFC886C2-BBA1-4B1F-9FD2-D9A2FA92C75D}.Release|Any CPU.ActiveCfg = Release|Any CPU
		{DFC886C2-BBA1-4B1F-9FD2-D9A2FA92C75D}.Release|Any CPU.Build.0 = Release|Any CPU
		{0EB0AD33-14A6-4174-B1EC-9DB41271EFE6}.Debug|Any CPU.ActiveCfg = Debug|Any CPU
		{0EB0AD33-14A6-4174-B1EC-9DB41271EFE6}.Debug|Any CPU.Build.0 = Debug|Any CPU
		{0EB0AD33-14A6-4174-B1EC-9DB41271EFE6}.Release|Any CPU.ActiveCfg = Release|Any CPU
		{0EB0AD33-14A6-4174-B1EC-9DB41271EFE6}.Release|Any CPU.Build.0 = Release|Any CPU
		{5F0A4A5E-CB8F-45D0-968F-3867A3794735}.Debug|Any CPU.ActiveCfg = Debug|Any CPU
		{5F0A4A5E-CB8F-45D0-968F-3867A3794735}.Debug|Any CPU.Build.0 = Debug|Any CPU
		{5F0A4A5E-CB8F-45D0-968F-3867A3794735}.Release|Any CPU.ActiveCfg = Release|Any CPU
		{5F0A4A5E-CB8F-45D0-968F-3867A3794735}.Release|Any CPU.Build.0 = Release|Any CPU
		{DB6E6FD2-1E58-4DB7-8864-92F5383CC5A9}.Debug|Any CPU.ActiveCfg = Debug|Any CPU
		{DB6E6FD2-1E58-4DB7-8864-92F5383CC5A9}.Debug|Any CPU.Build.0 = Debug|Any CPU
		{DB6E6FD2-1E58-4DB7-8864-92F5383CC5A9}.Release|Any CPU.ActiveCfg = Release|Any CPU
		{DB6E6FD2-1E58-4DB7-8864-92F5383CC5A9}.Release|Any CPU.Build.0 = Release|Any CPU
		{BCBB954F-2A7D-4ABA-BA78-7D81198F1743}.Debug|Any CPU.ActiveCfg = Debug|Any CPU
		{BCBB954F-2A7D-4ABA-BA78-7D81198F1743}.Debug|Any CPU.Build.0 = Debug|Any CPU
		{BCBB954F-2A7D-4ABA-BA78-7D81198F1743}.Release|Any CPU.ActiveCfg = Release|Any CPU
		{BCBB954F-2A7D-4ABA-BA78-7D81198F1743}.Release|Any CPU.Build.0 = Release|Any CPU
		{1DA845E3-D6E6-4CAF-ABEA-D62C3501ADB0}.Debug|Any CPU.ActiveCfg = Debug|Any CPU
		{1DA845E3-D6E6-4CAF-ABEA-D62C3501ADB0}.Debug|Any CPU.Build.0 = Debug|Any CPU
		{1DA845E3-D6E6-4CAF-ABEA-D62C3501ADB0}.Release|Any CPU.ActiveCfg = Release|Any CPU
		{1DA845E3-D6E6-4CAF-ABEA-D62C3501ADB0}.Release|Any CPU.Build.0 = Release|Any CPU
		{C2015C76-40C8-438E-8543-4DE4109AE93F}.Debug|Any CPU.ActiveCfg = Debug|Any CPU
		{C2015C76-40C8-438E-8543-4DE4109AE93F}.Debug|Any CPU.Build.0 = Debug|Any CPU
		{C2015C76-40C8-438E-8543-4DE4109AE93F}.Release|Any CPU.ActiveCfg = Release|Any CPU
		{C2015C76-40C8-438E-8543-4DE4109AE93F}.Release|Any CPU.Build.0 = Release|Any CPU
	EndGlobalSection
	GlobalSection(SolutionProperties) = preSolution
		HideSolutionNode = FALSE
	EndGlobalSection
	GlobalSection(ExtensibilityGlobals) = postSolution
		SolutionGuid = {A5BA52D1-1E47-4125-BF6A-74A6649EA646}
	EndGlobalSection
EndGlobal
